// !$*UTF8*$!
{
	archiveVersion = 1;
	classes = {
	};
	objectVersion = 46;
	objects = {

/* Begin PBXBuildFile section */
		7C365F4C16ED36F0001BC05C /* UIKit.framework in Frameworks */ = {isa = PBXBuildFile; fileRef = 7C365F4B16ED36F0001BC05C /* UIKit.framework */; };
		7C365F4E16ED36F0001BC05C /* Foundation.framework in Frameworks */ = {isa = PBXBuildFile; fileRef = 7C365F4D16ED36F0001BC05C /* Foundation.framework */; };
		7C365F5016ED36F0001BC05C /* CoreGraphics.framework in Frameworks */ = {isa = PBXBuildFile; fileRef = 7C365F4F16ED36F0001BC05C /* CoreGraphics.framework */; };
		7C365F5616ED36F0001BC05C /* InfoPlist.strings in Resources */ = {isa = PBXBuildFile; fileRef = 7C365F5416ED36F0001BC05C /* InfoPlist.strings */; };
		7C365F5816ED36F0001BC05C /* main.m in Sources */ = {isa = PBXBuildFile; fileRef = 7C365F5716ED36F0001BC05C /* main.m */; };
		7C365F5C16ED36F0001BC05C /* AppDelegate.m in Sources */ = {isa = PBXBuildFile; fileRef = 7C365F5B16ED36F0001BC05C /* AppDelegate.m */; };
		7C365F5E16ED36F0001BC05C /* Default.png in Resources */ = {isa = PBXBuildFile; fileRef = 7C365F5D16ED36F0001BC05C /* Default.png */; };
		7C365F6016ED36F0001BC05C /* Default@2x.png in Resources */ = {isa = PBXBuildFile; fileRef = 7C365F5F16ED36F0001BC05C /* Default@2x.png */; };
		7C365F6216ED36F0001BC05C /* Default-568h@2x.png in Resources */ = {isa = PBXBuildFile; fileRef = 7C365F6116ED36F0001BC05C /* Default-568h@2x.png */; };
		7C365F6516ED36F0001BC05C /* MainStoryboard.storyboard in Resources */ = {isa = PBXBuildFile; fileRef = 7C365F6316ED36F0001BC05C /* MainStoryboard.storyboard */; };
		7C365F6A16ED36F1001BC05C /* first.png in Resources */ = {isa = PBXBuildFile; fileRef = 7C365F6916ED36F0001BC05C /* first.png */; };
		7C365F6C16ED36F1001BC05C /* first@2x.png in Resources */ = {isa = PBXBuildFile; fileRef = 7C365F6B16ED36F1001BC05C /* first@2x.png */; };
		7C365F6F16ED36F1001BC05C /* SecondViewController.m in Sources */ = {isa = PBXBuildFile; fileRef = 7C365F6E16ED36F1001BC05C /* SecondViewController.m */; };
		7C365F7116ED36F1001BC05C /* second.png in Resources */ = {isa = PBXBuildFile; fileRef = 7C365F7016ED36F1001BC05C /* second.png */; };
		7C365F7316ED36F1001BC05C /* second@2x.png in Resources */ = {isa = PBXBuildFile; fileRef = 7C365F7216ED36F1001BC05C /* second@2x.png */; };
		7C9074BB16F1261E00ED3DCD /* tab_legend.png in Resources */ = {isa = PBXBuildFile; fileRef = 7C9074B116F1261E00ED3DCD /* tab_legend.png */; };
		7C9074BC16F1261F00ED3DCD /* tab_measure.png in Resources */ = {isa = PBXBuildFile; fileRef = 7C9074B216F1261E00ED3DCD /* tab_measure.png */; };
		7C9074BD16F1261F00ED3DCD /* tab_profile.png in Resources */ = {isa = PBXBuildFile; fileRef = 7C9074B316F1261E00ED3DCD /* tab_profile.png */; };
		7C9074BE16F1261F00ED3DCD /* tab_stats.png in Resources */ = {isa = PBXBuildFile; fileRef = 7C9074B416F1261E00ED3DCD /* tab_stats.png */; };
		7C9074BF16F1261F00ED3DCD /* tab_map.png in Resources */ = {isa = PBXBuildFile; fileRef = 7C9074B516F1261E00ED3DCD /* tab_map.png */; };
		7C9074C016F1261F00ED3DCD /* tab_profile@2x.png in Resources */ = {isa = PBXBuildFile; fileRef = 7C9074B616F1261E00ED3DCD /* tab_profile@2x.png */; };
		7C9074C116F1261F00ED3DCD /* tab_legend@2x.png in Resources */ = {isa = PBXBuildFile; fileRef = 7C9074B716F1261E00ED3DCD /* tab_legend@2x.png */; };
		7C9074C216F1261F00ED3DCD /* tab_measure@2x.png in Resources */ = {isa = PBXBuildFile; fileRef = 7C9074B816F1261E00ED3DCD /* tab_measure@2x.png */; };
		7C9074C316F1261F00ED3DCD /* tab_stats@2x.png in Resources */ = {isa = PBXBuildFile; fileRef = 7C9074B916F1261E00ED3DCD /* tab_stats@2x.png */; };
		7C9074C416F1261F00ED3DCD /* tab_map@2x.png in Resources */ = {isa = PBXBuildFile; fileRef = 7C9074BA16F1261E00ED3DCD /* tab_map@2x.png */; };
		7C9074CA16F12AD900ED3DCD /* KNTheme.m in Sources */ = {isa = PBXBuildFile; fileRef = 7C9074C716F12AD900ED3DCD /* KNTheme.m */; };
		7C9074CB16F12AD900ED3DCD /* KNFormatter.m in Sources */ = {isa = PBXBuildFile; fileRef = 7C9074C916F12AD900ED3DCD /* KNFormatter.m */; };
		7C9074D016F1313300ED3DCD /* navbar_bg.png in Resources */ = {isa = PBXBuildFile; fileRef = 7C9074CE16F1313300ED3DCD /* navbar_bg.png */; };
		7C9074D116F1313300ED3DCD /* navbar_bg@2x.png in Resources */ = {isa = PBXBuildFile; fileRef = 7C9074CF16F1313300ED3DCD /* navbar_bg@2x.png */; };
		7C9074D516F1346200ED3DCD /* KNNavigationBar.m in Sources */ = {isa = PBXBuildFile; fileRef = 7C9074D416F1346200ED3DCD /* KNNavigationBar.m */; };
		7C9074DB16F13AC900ED3DCD /* KNNavigationItem.m in Sources */ = {isa = PBXBuildFile; fileRef = 7C9074D916F13AC800ED3DCD /* KNNavigationItem.m */; };
		7C9074DF16F13E7000ED3DCD /* legenda_bg.png in Resources */ = {isa = PBXBuildFile; fileRef = 7C9074DD16F13E7000ED3DCD /* legenda_bg.png */; };
		7C9074E016F13E7000ED3DCD /* legenda_bg@2x.png in Resources */ = {isa = PBXBuildFile; fileRef = 7C9074DE16F13E7000ED3DCD /* legenda_bg@2x.png */; };
		7C9074E416F1E14D00ED3DCD /* ProfileViewController.m in Sources */ = {isa = PBXBuildFile; fileRef = 7C9074E316F1E14D00ED3DCD /* ProfileViewController.m */; };
		7C9074E716F1E40D00ED3DCD /* ProfileHeaderView.m in Sources */ = {isa = PBXBuildFile; fileRef = 7C9074E616F1E40D00ED3DCD /* ProfileHeaderView.m */; };
		7C9074EA16F1E59500ED3DCD /* MeasurementCell.m in Sources */ = {isa = PBXBuildFile; fileRef = 7C9074E916F1E59500ED3DCD /* MeasurementCell.m */; };
		7C9074EC16F2787F00ED3DCD /* MeasurementCell.xib in Resources */ = {isa = PBXBuildFile; fileRef = 7C9074EB16F2787F00ED3DCD /* MeasurementCell.xib */; };
		7C9074F016F286A500ED3DCD /* profile_header_me.png in Resources */ = {isa = PBXBuildFile; fileRef = 7C9074EE16F286A500ED3DCD /* profile_header_me.png */; };
		7C9074F116F286A500ED3DCD /* profile_header_me@2x.png in Resources */ = {isa = PBXBuildFile; fileRef = 7C9074EF16F286A500ED3DCD /* profile_header_me@2x.png */; };
		7C9074F416F28A0C00ED3DCD /* profile_divider.png in Resources */ = {isa = PBXBuildFile; fileRef = 7C9074F216F28A0C00ED3DCD /* profile_divider.png */; };
		7C9074F516F28A0C00ED3DCD /* profile_divider@2x.png in Resources */ = {isa = PBXBuildFile; fileRef = 7C9074F316F28A0C00ED3DCD /* profile_divider@2x.png */; };
		7C9074F916F28AE800ED3DCD /* air_quality1.png in Resources */ = {isa = PBXBuildFile; fileRef = 7C9074F716F28AE800ED3DCD /* air_quality1.png */; };
		7C9074FA16F28AE800ED3DCD /* air_quality1@2x.png in Resources */ = {isa = PBXBuildFile; fileRef = 7C9074F816F28AE800ED3DCD /* air_quality1@2x.png */; };
		7C9074FE16F28B9100ED3DCD /* Measurement.m in Sources */ = {isa = PBXBuildFile; fileRef = 7C9074FD16F28B9100ED3DCD /* Measurement.m */; };
		7CBBB4C216FCD3170027E4C5 /* MapViewController.m in Sources */ = {isa = PBXBuildFile; fileRef = 7CBBB4C116FCD3170027E4C5 /* MapViewController.m */; };
		7CBBB4C416FCD35D0027E4C5 /* MapKit.framework in Frameworks */ = {isa = PBXBuildFile; fileRef = 7CBBB4C316FCD35D0027E4C5 /* MapKit.framework */; };
		7CBBB4C616FCD3660027E4C5 /* SystemConfiguration.framework in Frameworks */ = {isa = PBXBuildFile; fileRef = 7CBBB4C516FCD3660027E4C5 /* SystemConfiguration.framework */; };
		7CBBB4C816FCD37C0027E4C5 /* CoreLocation.framework in Frameworks */ = {isa = PBXBuildFile; fileRef = 7CBBB4C716FCD37C0027E4C5 /* CoreLocation.framework */; };
		7CBBB4CA16FCD3820027E4C5 /* QuartzCore.framework in Frameworks */ = {isa = PBXBuildFile; fileRef = 7CBBB4C916FCD3820027E4C5 /* QuartzCore.framework */; };
		7CBBB4CE16FCD4500027E4C5 /* StationAnnotation.m in Sources */ = {isa = PBXBuildFile; fileRef = 7CBBB4CD16FCD4500027E4C5 /* StationAnnotation.m */; };
		7CBBB4D116FCD4580027E4C5 /* Station.m in Sources */ = {isa = PBXBuildFile; fileRef = 7CBBB4D016FCD4580027E4C5 /* Station.m */; };
		7CBBB4D416FCD4B40027E4C5 /* StationMeasurement.m in Sources */ = {isa = PBXBuildFile; fileRef = 7CBBB4D316FCD4B40027E4C5 /* StationMeasurement.m */; };
		7CBBB4EA16FCD7DD0027E4C5 /* AFHTTPClient.m in Sources */ = {isa = PBXBuildFile; fileRef = 7CBBB4D816FCD7DD0027E4C5 /* AFHTTPClient.m */; };
		7CBBB4EB16FCD7DD0027E4C5 /* AFHTTPRequestOperation.m in Sources */ = {isa = PBXBuildFile; fileRef = 7CBBB4DA16FCD7DD0027E4C5 /* AFHTTPRequestOperation.m */; };
		7CBBB4EC16FCD7DD0027E4C5 /* AFImageRequestOperation.m in Sources */ = {isa = PBXBuildFile; fileRef = 7CBBB4DC16FCD7DD0027E4C5 /* AFImageRequestOperation.m */; };
		7CBBB4ED16FCD7DD0027E4C5 /* AFJSONRequestOperation.m in Sources */ = {isa = PBXBuildFile; fileRef = 7CBBB4DE16FCD7DD0027E4C5 /* AFJSONRequestOperation.m */; };
		7CBBB4EE16FCD7DD0027E4C5 /* AFNetworkActivityIndicatorManager.m in Sources */ = {isa = PBXBuildFile; fileRef = 7CBBB4E016FCD7DD0027E4C5 /* AFNetworkActivityIndicatorManager.m */; };
		7CBBB4EF16FCD7DD0027E4C5 /* AFPropertyListRequestOperation.m in Sources */ = {isa = PBXBuildFile; fileRef = 7CBBB4E316FCD7DD0027E4C5 /* AFPropertyListRequestOperation.m */; };
		7CBBB4F016FCD7DD0027E4C5 /* AFURLConnectionOperation.m in Sources */ = {isa = PBXBuildFile; fileRef = 7CBBB4E516FCD7DD0027E4C5 /* AFURLConnectionOperation.m */; };
		7CBBB4F116FCD7DD0027E4C5 /* AFXMLRequestOperation.m in Sources */ = {isa = PBXBuildFile; fileRef = 7CBBB4E716FCD7DD0027E4C5 /* AFXMLRequestOperation.m */; };
		7CBBB4F216FCD7DD0027E4C5 /* UIImageView+AFNetworking.m in Sources */ = {isa = PBXBuildFile; fileRef = 7CBBB4E916FCD7DD0027E4C5 /* UIImageView+AFNetworking.m */; };
		7CBBB4F516FCD7F70027E4C5 /* SFHFKeychainUtils.m in Sources */ = {isa = PBXBuildFile; fileRef = 7CBBB4F416FCD7F70027E4C5 /* SFHFKeychainUtils.m */; };
		7CBBB4FA16FCDBBB0027E4C5 /* DataController.m in Sources */ = {isa = PBXBuildFile; fileRef = 7CBBB4F916FCDBBB0027E4C5 /* DataController.m */; };
		7CBBB4FC16FDB5B80027E4C5 /* Security.framework in Frameworks */ = {isa = PBXBuildFile; fileRef = 7CBBB4FB16FDB5B80027E4C5 /* Security.framework */; };
		7CBBB50B16FDC03F0027E4C5 /* mapPin1.png in Resources */ = {isa = PBXBuildFile; fileRef = 7CBBB4FD16FDC03D0027E4C5 /* mapPin1.png */; };
		7CBBB50C16FDC03F0027E4C5 /* mapPin1@2x.png in Resources */ = {isa = PBXBuildFile; fileRef = 7CBBB4FE16FDC03D0027E4C5 /* mapPin1@2x.png */; };
		7CBBB50D16FDC03F0027E4C5 /* mapPin2.png in Resources */ = {isa = PBXBuildFile; fileRef = 7CBBB4FF16FDC03D0027E4C5 /* mapPin2.png */; };
		7CBBB50E16FDC03F0027E4C5 /* mapPin2@2x.png in Resources */ = {isa = PBXBuildFile; fileRef = 7CBBB50016FDC03D0027E4C5 /* mapPin2@2x.png */; };
		7CBBB50F16FDC03F0027E4C5 /* mapPin3.png in Resources */ = {isa = PBXBuildFile; fileRef = 7CBBB50116FDC03D0027E4C5 /* mapPin3.png */; };
		7CBBB51016FDC03F0027E4C5 /* mapPin3@2x.png in Resources */ = {isa = PBXBuildFile; fileRef = 7CBBB50216FDC03E0027E4C5 /* mapPin3@2x.png */; };
		7CBBB51116FDC03F0027E4C5 /* mapPin4.png in Resources */ = {isa = PBXBuildFile; fileRef = 7CBBB50316FDC03E0027E4C5 /* mapPin4.png */; };
		7CBBB51216FDC03F0027E4C5 /* mapPin4@2x.png in Resources */ = {isa = PBXBuildFile; fileRef = 7CBBB50416FDC03E0027E4C5 /* mapPin4@2x.png */; };
		7CBBB51316FDC03F0027E4C5 /* mapPin5.png in Resources */ = {isa = PBXBuildFile; fileRef = 7CBBB50516FDC03E0027E4C5 /* mapPin5.png */; };
		7CBBB51416FDC03F0027E4C5 /* mapPin5@2x.png in Resources */ = {isa = PBXBuildFile; fileRef = 7CBBB50616FDC03E0027E4C5 /* mapPin5@2x.png */; };
		7CBBB51516FDC03F0027E4C5 /* mapPin6.png in Resources */ = {isa = PBXBuildFile; fileRef = 7CBBB50716FDC03E0027E4C5 /* mapPin6.png */; };
		7CBBB51616FDC03F0027E4C5 /* mapPin6@2x.png in Resources */ = {isa = PBXBuildFile; fileRef = 7CBBB50816FDC03F0027E4C5 /* mapPin6@2x.png */; };
		7CBBB51716FDC03F0027E4C5 /* mapPin0@2x.png in Resources */ = {isa = PBXBuildFile; fileRef = 7CBBB50916FDC03F0027E4C5 /* mapPin0@2x.png */; };
		7CBBB51816FDC03F0027E4C5 /* mapPin0.png in Resources */ = {isa = PBXBuildFile; fileRef = 7CBBB50A16FDC03F0027E4C5 /* mapPin0.png */; };
		7CBBB51D16FE2D270027E4C5 /* MeasureViewController.m in Sources */ = {isa = PBXBuildFile; fileRef = 7CBBB51C16FE2D270027E4C5 /* MeasureViewController.m */; };
		7CBBB52016FE2ED80027E4C5 /* MeasureBar.m in Sources */ = {isa = PBXBuildFile; fileRef = 7CBBB51F16FE2ED80027E4C5 /* MeasureBar.m */; };
		7CBBB52F16FE32F70027E4C5 /* air_quality0.png in Resources */ = {isa = PBXBuildFile; fileRef = 7CBBB52116FE32F60027E4C5 /* air_quality0.png */; };
		7CBBB53016FE32F70027E4C5 /* air_quality4.png in Resources */ = {isa = PBXBuildFile; fileRef = 7CBBB52216FE32F60027E4C5 /* air_quality4.png */; };
		7CBBB53116FE32F70027E4C5 /* air_quality5.png in Resources */ = {isa = PBXBuildFile; fileRef = 7CBBB52316FE32F60027E4C5 /* air_quality5.png */; };
		7CBBB53216FE32F70027E4C5 /* air_quality6.png in Resources */ = {isa = PBXBuildFile; fileRef = 7CBBB52416FE32F60027E4C5 /* air_quality6.png */; };
		7CBBB53316FE32F70027E4C5 /* measure_bar_arrow.png in Resources */ = {isa = PBXBuildFile; fileRef = 7CBBB52516FE32F60027E4C5 /* measure_bar_arrow.png */; };
		7CBBB53416FE32F70027E4C5 /* air_quality2.png in Resources */ = {isa = PBXBuildFile; fileRef = 7CBBB52616FE32F60027E4C5 /* air_quality2.png */; };
		7CBBB53516FE32F70027E4C5 /* air_quality3.png in Resources */ = {isa = PBXBuildFile; fileRef = 7CBBB52716FE32F70027E4C5 /* air_quality3.png */; };
		7CBBB53616FE32F70027E4C5 /* air_quality0@2x.png in Resources */ = {isa = PBXBuildFile; fileRef = 7CBBB52816FE32F70027E4C5 /* air_quality0@2x.png */; };
		7CBBB53716FE32F70027E4C5 /* measure_bar_arrow@2x.png in Resources */ = {isa = PBXBuildFile; fileRef = 7CBBB52916FE32F70027E4C5 /* measure_bar_arrow@2x.png */; };
		7CBBB53816FE32F70027E4C5 /* air_quality2@2x.png in Resources */ = {isa = PBXBuildFile; fileRef = 7CBBB52A16FE32F70027E4C5 /* air_quality2@2x.png */; };
		7CBBB53916FE32F70027E4C5 /* air_quality3@2x.png in Resources */ = {isa = PBXBuildFile; fileRef = 7CBBB52B16FE32F70027E4C5 /* air_quality3@2x.png */; };
		7CBBB53A16FE32F70027E4C5 /* air_quality4@2x.png in Resources */ = {isa = PBXBuildFile; fileRef = 7CBBB52C16FE32F70027E4C5 /* air_quality4@2x.png */; };
		7CBBB53B16FE32F70027E4C5 /* air_quality5@2x.png in Resources */ = {isa = PBXBuildFile; fileRef = 7CBBB52D16FE32F70027E4C5 /* air_quality5@2x.png */; };
		7CBBB53C16FE32F70027E4C5 /* air_quality6@2x.png in Resources */ = {isa = PBXBuildFile; fileRef = 7CBBB52E16FE32F70027E4C5 /* air_quality6@2x.png */; };
		7CBBB53F16FE42B10027E4C5 /* MeasurementManager.m in Sources */ = {isa = PBXBuildFile; fileRef = 7CBBB53E16FE42B10027E4C5 /* MeasurementManager.m */; };
		7CBBB54216FE4A010027E4C5 /* KNUIFactory.m in Sources */ = {isa = PBXBuildFile; fileRef = 7CBBB54116FE4A010027E4C5 /* KNUIFactory.m */; };
/* End PBXBuildFile section */

/* Begin PBXFileReference section */
		7C365F4816ED36F0001BC05C /* kanarci.app */ = {isa = PBXFileReference; explicitFileType = wrapper.application; includeInIndex = 0; path = kanarci.app; sourceTree = BUILT_PRODUCTS_DIR; };
		7C365F4B16ED36F0001BC05C /* UIKit.framework */ = {isa = PBXFileReference; lastKnownFileType = wrapper.framework; name = UIKit.framework; path = System/Library/Frameworks/UIKit.framework; sourceTree = SDKROOT; };
		7C365F4D16ED36F0001BC05C /* Foundation.framework */ = {isa = PBXFileReference; lastKnownFileType = wrapper.framework; name = Foundation.framework; path = System/Library/Frameworks/Foundation.framework; sourceTree = SDKROOT; };
		7C365F4F16ED36F0001BC05C /* CoreGraphics.framework */ = {isa = PBXFileReference; lastKnownFileType = wrapper.framework; name = CoreGraphics.framework; path = System/Library/Frameworks/CoreGraphics.framework; sourceTree = SDKROOT; };
		7C365F5316ED36F0001BC05C /* kanarci-Info.plist */ = {isa = PBXFileReference; lastKnownFileType = text.plist.xml; path = "kanarci-Info.plist"; sourceTree = "<group>"; };
		7C365F5516ED36F0001BC05C /* en */ = {isa = PBXFileReference; lastKnownFileType = text.plist.strings; name = en; path = en.lproj/InfoPlist.strings; sourceTree = "<group>"; };
		7C365F5716ED36F0001BC05C /* main.m */ = {isa = PBXFileReference; lastKnownFileType = sourcecode.c.objc; path = main.m; sourceTree = "<group>"; };
		7C365F5916ED36F0001BC05C /* kanarci-Prefix.pch */ = {isa = PBXFileReference; lastKnownFileType = sourcecode.c.h; path = "kanarci-Prefix.pch"; sourceTree = "<group>"; };
		7C365F5A16ED36F0001BC05C /* AppDelegate.h */ = {isa = PBXFileReference; lastKnownFileType = sourcecode.c.h; path = AppDelegate.h; sourceTree = "<group>"; };
		7C365F5B16ED36F0001BC05C /* AppDelegate.m */ = {isa = PBXFileReference; lastKnownFileType = sourcecode.c.objc; path = AppDelegate.m; sourceTree = "<group>"; };
		7C365F5D16ED36F0001BC05C /* Default.png */ = {isa = PBXFileReference; lastKnownFileType = image.png; path = Default.png; sourceTree = "<group>"; };
		7C365F5F16ED36F0001BC05C /* Default@2x.png */ = {isa = PBXFileReference; lastKnownFileType = image.png; path = "Default@2x.png"; sourceTree = "<group>"; };
		7C365F6116ED36F0001BC05C /* Default-568h@2x.png */ = {isa = PBXFileReference; lastKnownFileType = image.png; path = "Default-568h@2x.png"; sourceTree = "<group>"; };
		7C365F6416ED36F0001BC05C /* en */ = {isa = PBXFileReference; lastKnownFileType = file.storyboard; name = en; path = en.lproj/MainStoryboard.storyboard; sourceTree = "<group>"; };
		7C365F6916ED36F0001BC05C /* first.png */ = {isa = PBXFileReference; lastKnownFileType = image.png; path = first.png; sourceTree = "<group>"; };
		7C365F6B16ED36F1001BC05C /* first@2x.png */ = {isa = PBXFileReference; lastKnownFileType = image.png; path = "first@2x.png"; sourceTree = "<group>"; };
		7C365F6D16ED36F1001BC05C /* SecondViewController.h */ = {isa = PBXFileReference; lastKnownFileType = sourcecode.c.h; path = SecondViewController.h; sourceTree = "<group>"; };
		7C365F6E16ED36F1001BC05C /* SecondViewController.m */ = {isa = PBXFileReference; lastKnownFileType = sourcecode.c.objc; path = SecondViewController.m; sourceTree = "<group>"; };
		7C365F7016ED36F1001BC05C /* second.png */ = {isa = PBXFileReference; lastKnownFileType = image.png; path = second.png; sourceTree = "<group>"; };
		7C365F7216ED36F1001BC05C /* second@2x.png */ = {isa = PBXFileReference; lastKnownFileType = image.png; path = "second@2x.png"; sourceTree = "<group>"; };
		7C9074B116F1261E00ED3DCD /* tab_legend.png */ = {isa = PBXFileReference; lastKnownFileType = image.png; path = tab_legend.png; sourceTree = "<group>"; };
		7C9074B216F1261E00ED3DCD /* tab_measure.png */ = {isa = PBXFileReference; lastKnownFileType = image.png; path = tab_measure.png; sourceTree = "<group>"; };
		7C9074B316F1261E00ED3DCD /* tab_profile.png */ = {isa = PBXFileReference; lastKnownFileType = image.png; path = tab_profile.png; sourceTree = "<group>"; };
		7C9074B416F1261E00ED3DCD /* tab_stats.png */ = {isa = PBXFileReference; lastKnownFileType = image.png; path = tab_stats.png; sourceTree = "<group>"; };
		7C9074B516F1261E00ED3DCD /* tab_map.png */ = {isa = PBXFileReference; lastKnownFileType = image.png; path = tab_map.png; sourceTree = "<group>"; };
		7C9074B616F1261E00ED3DCD /* tab_profile@2x.png */ = {isa = PBXFileReference; lastKnownFileType = image.png; path = "tab_profile@2x.png"; sourceTree = "<group>"; };
		7C9074B716F1261E00ED3DCD /* tab_legend@2x.png */ = {isa = PBXFileReference; lastKnownFileType = image.png; path = "tab_legend@2x.png"; sourceTree = "<group>"; };
		7C9074B816F1261E00ED3DCD /* tab_measure@2x.png */ = {isa = PBXFileReference; lastKnownFileType = image.png; path = "tab_measure@2x.png"; sourceTree = "<group>"; };
		7C9074B916F1261E00ED3DCD /* tab_stats@2x.png */ = {isa = PBXFileReference; lastKnownFileType = image.png; path = "tab_stats@2x.png"; sourceTree = "<group>"; };
		7C9074BA16F1261E00ED3DCD /* tab_map@2x.png */ = {isa = PBXFileReference; lastKnownFileType = image.png; path = "tab_map@2x.png"; sourceTree = "<group>"; };
		7C9074C616F12AD900ED3DCD /* KNTheme.h */ = {isa = PBXFileReference; fileEncoding = 4; lastKnownFileType = sourcecode.c.h; path = KNTheme.h; sourceTree = "<group>"; };
		7C9074C716F12AD900ED3DCD /* KNTheme.m */ = {isa = PBXFileReference; fileEncoding = 4; lastKnownFileType = sourcecode.c.objc; path = KNTheme.m; sourceTree = "<group>"; };
		7C9074C816F12AD900ED3DCD /* KNFormatter.h */ = {isa = PBXFileReference; fileEncoding = 4; lastKnownFileType = sourcecode.c.h; path = KNFormatter.h; sourceTree = "<group>"; };
		7C9074C916F12AD900ED3DCD /* KNFormatter.m */ = {isa = PBXFileReference; fileEncoding = 4; lastKnownFileType = sourcecode.c.objc; path = KNFormatter.m; sourceTree = "<group>"; };
		7C9074CC16F12BDE00ED3DCD /* Macros.h */ = {isa = PBXFileReference; fileEncoding = 4; lastKnownFileType = sourcecode.c.h; path = Macros.h; sourceTree = "<group>"; };
		7C9074CE16F1313300ED3DCD /* navbar_bg.png */ = {isa = PBXFileReference; lastKnownFileType = image.png; path = navbar_bg.png; sourceTree = "<group>"; };
		7C9074CF16F1313300ED3DCD /* navbar_bg@2x.png */ = {isa = PBXFileReference; lastKnownFileType = image.png; path = "navbar_bg@2x.png"; sourceTree = "<group>"; };
		7C9074D316F1346200ED3DCD /* KNNavigationBar.h */ = {isa = PBXFileReference; fileEncoding = 4; lastKnownFileType = sourcecode.c.h; path = KNNavigationBar.h; sourceTree = "<group>"; };
		7C9074D416F1346200ED3DCD /* KNNavigationBar.m */ = {isa = PBXFileReference; fileEncoding = 4; lastKnownFileType = sourcecode.c.objc; path = KNNavigationBar.m; sourceTree = "<group>"; };
		7C9074D916F13AC800ED3DCD /* KNNavigationItem.m */ = {isa = PBXFileReference; fileEncoding = 4; lastKnownFileType = sourcecode.c.objc; path = KNNavigationItem.m; sourceTree = "<group>"; };
		7C9074DA16F13AC900ED3DCD /* KNNavigationItem.h */ = {isa = PBXFileReference; fileEncoding = 4; lastKnownFileType = sourcecode.c.h; path = KNNavigationItem.h; sourceTree = "<group>"; };
		7C9074DD16F13E7000ED3DCD /* legenda_bg.png */ = {isa = PBXFileReference; lastKnownFileType = image.png; path = legenda_bg.png; sourceTree = "<group>"; };
		7C9074DE16F13E7000ED3DCD /* legenda_bg@2x.png */ = {isa = PBXFileReference; lastKnownFileType = image.png; path = "legenda_bg@2x.png"; sourceTree = "<group>"; };
		7C9074E216F1E14D00ED3DCD /* ProfileViewController.h */ = {isa = PBXFileReference; fileEncoding = 4; lastKnownFileType = sourcecode.c.h; path = ProfileViewController.h; sourceTree = "<group>"; };
		7C9074E316F1E14D00ED3DCD /* ProfileViewController.m */ = {isa = PBXFileReference; fileEncoding = 4; lastKnownFileType = sourcecode.c.objc; path = ProfileViewController.m; sourceTree = "<group>"; };
		7C9074E516F1E40D00ED3DCD /* ProfileHeaderView.h */ = {isa = PBXFileReference; fileEncoding = 4; lastKnownFileType = sourcecode.c.h; path = ProfileHeaderView.h; sourceTree = "<group>"; };
		7C9074E616F1E40D00ED3DCD /* ProfileHeaderView.m */ = {isa = PBXFileReference; fileEncoding = 4; lastKnownFileType = sourcecode.c.objc; path = ProfileHeaderView.m; sourceTree = "<group>"; };
		7C9074E816F1E59500ED3DCD /* MeasurementCell.h */ = {isa = PBXFileReference; fileEncoding = 4; lastKnownFileType = sourcecode.c.h; path = MeasurementCell.h; sourceTree = "<group>"; };
		7C9074E916F1E59500ED3DCD /* MeasurementCell.m */ = {isa = PBXFileReference; fileEncoding = 4; lastKnownFileType = sourcecode.c.objc; path = MeasurementCell.m; sourceTree = "<group>"; };
		7C9074EB16F2787F00ED3DCD /* MeasurementCell.xib */ = {isa = PBXFileReference; fileEncoding = 4; lastKnownFileType = file.xib; path = MeasurementCell.xib; sourceTree = "<group>"; };
		7C9074EE16F286A500ED3DCD /* profile_header_me.png */ = {isa = PBXFileReference; lastKnownFileType = image.png; path = profile_header_me.png; sourceTree = "<group>"; };
		7C9074EF16F286A500ED3DCD /* profile_header_me@2x.png */ = {isa = PBXFileReference; lastKnownFileType = image.png; path = "profile_header_me@2x.png"; sourceTree = "<group>"; };
		7C9074F216F28A0C00ED3DCD /* profile_divider.png */ = {isa = PBXFileReference; lastKnownFileType = image.png; path = profile_divider.png; sourceTree = "<group>"; };
		7C9074F316F28A0C00ED3DCD /* profile_divider@2x.png */ = {isa = PBXFileReference; lastKnownFileType = image.png; path = "profile_divider@2x.png"; sourceTree = "<group>"; };
		7C9074F716F28AE800ED3DCD /* air_quality1.png */ = {isa = PBXFileReference; lastKnownFileType = image.png; path = air_quality1.png; sourceTree = "<group>"; };
		7C9074F816F28AE800ED3DCD /* air_quality1@2x.png */ = {isa = PBXFileReference; lastKnownFileType = image.png; path = "air_quality1@2x.png"; sourceTree = "<group>"; };
		7C9074FC16F28B9100ED3DCD /* Measurement.h */ = {isa = PBXFileReference; fileEncoding = 4; lastKnownFileType = sourcecode.c.h; path = Measurement.h; sourceTree = "<group>"; };
		7C9074FD16F28B9100ED3DCD /* Measurement.m */ = {isa = PBXFileReference; fileEncoding = 4; lastKnownFileType = sourcecode.c.objc; path = Measurement.m; sourceTree = "<group>"; };
		7CBBB4C016FCD3170027E4C5 /* MapViewController.h */ = {isa = PBXFileReference; fileEncoding = 4; lastKnownFileType = sourcecode.c.h; name = MapViewController.h; path = kanarci/MapViewController.h; sourceTree = "<group>"; };
		7CBBB4C116FCD3170027E4C5 /* MapViewController.m */ = {isa = PBXFileReference; fileEncoding = 4; lastKnownFileType = sourcecode.c.objc; name = MapViewController.m; path = kanarci/MapViewController.m; sourceTree = "<group>"; };
		7CBBB4C316FCD35D0027E4C5 /* MapKit.framework */ = {isa = PBXFileReference; lastKnownFileType = wrapper.framework; name = MapKit.framework; path = System/Library/Frameworks/MapKit.framework; sourceTree = SDKROOT; };
		7CBBB4C516FCD3660027E4C5 /* SystemConfiguration.framework */ = {isa = PBXFileReference; lastKnownFileType = wrapper.framework; name = SystemConfiguration.framework; path = System/Library/Frameworks/SystemConfiguration.framework; sourceTree = SDKROOT; };
		7CBBB4C716FCD37C0027E4C5 /* CoreLocation.framework */ = {isa = PBXFileReference; lastKnownFileType = wrapper.framework; name = CoreLocation.framework; path = System/Library/Frameworks/CoreLocation.framework; sourceTree = SDKROOT; };
		7CBBB4C916FCD3820027E4C5 /* QuartzCore.framework */ = {isa = PBXFileReference; lastKnownFileType = wrapper.framework; name = QuartzCore.framework; path = System/Library/Frameworks/QuartzCore.framework; sourceTree = SDKROOT; };
		7CBBB4CC16FCD4500027E4C5 /* StationAnnotation.h */ = {isa = PBXFileReference; fileEncoding = 4; lastKnownFileType = sourcecode.c.h; path = StationAnnotation.h; sourceTree = "<group>"; };
		7CBBB4CD16FCD4500027E4C5 /* StationAnnotation.m */ = {isa = PBXFileReference; fileEncoding = 4; lastKnownFileType = sourcecode.c.objc; path = StationAnnotation.m; sourceTree = "<group>"; };
		7CBBB4CF16FCD4580027E4C5 /* Station.h */ = {isa = PBXFileReference; fileEncoding = 4; lastKnownFileType = sourcecode.c.h; path = Station.h; sourceTree = "<group>"; };
		7CBBB4D016FCD4580027E4C5 /* Station.m */ = {isa = PBXFileReference; fileEncoding = 4; lastKnownFileType = sourcecode.c.objc; path = Station.m; sourceTree = "<group>"; };
		7CBBB4D216FCD4B40027E4C5 /* StationMeasurement.h */ = {isa = PBXFileReference; fileEncoding = 4; lastKnownFileType = sourcecode.c.h; path = StationMeasurement.h; sourceTree = "<group>"; };
		7CBBB4D316FCD4B40027E4C5 /* StationMeasurement.m */ = {isa = PBXFileReference; fileEncoding = 4; lastKnownFileType = sourcecode.c.objc; path = StationMeasurement.m; sourceTree = "<group>"; };
		7CBBB4D716FCD7DD0027E4C5 /* AFHTTPClient.h */ = {isa = PBXFileReference; fileEncoding = 4; lastKnownFileType = sourcecode.c.h; path = AFHTTPClient.h; sourceTree = "<group>"; };
		7CBBB4D816FCD7DD0027E4C5 /* AFHTTPClient.m */ = {isa = PBXFileReference; fileEncoding = 4; lastKnownFileType = sourcecode.c.objc; path = AFHTTPClient.m; sourceTree = "<group>"; };
		7CBBB4D916FCD7DD0027E4C5 /* AFHTTPRequestOperation.h */ = {isa = PBXFileReference; fileEncoding = 4; lastKnownFileType = sourcecode.c.h; path = AFHTTPRequestOperation.h; sourceTree = "<group>"; };
		7CBBB4DA16FCD7DD0027E4C5 /* AFHTTPRequestOperation.m */ = {isa = PBXFileReference; fileEncoding = 4; lastKnownFileType = sourcecode.c.objc; path = AFHTTPRequestOperation.m; sourceTree = "<group>"; };
		7CBBB4DB16FCD7DD0027E4C5 /* AFImageRequestOperation.h */ = {isa = PBXFileReference; fileEncoding = 4; lastKnownFileType = sourcecode.c.h; path = AFImageRequestOperation.h; sourceTree = "<group>"; };
		7CBBB4DC16FCD7DD0027E4C5 /* AFImageRequestOperation.m */ = {isa = PBXFileReference; fileEncoding = 4; lastKnownFileType = sourcecode.c.objc; path = AFImageRequestOperation.m; sourceTree = "<group>"; };
		7CBBB4DD16FCD7DD0027E4C5 /* AFJSONRequestOperation.h */ = {isa = PBXFileReference; fileEncoding = 4; lastKnownFileType = sourcecode.c.h; path = AFJSONRequestOperation.h; sourceTree = "<group>"; };
		7CBBB4DE16FCD7DD0027E4C5 /* AFJSONRequestOperation.m */ = {isa = PBXFileReference; fileEncoding = 4; lastKnownFileType = sourcecode.c.objc; path = AFJSONRequestOperation.m; sourceTree = "<group>"; };
		7CBBB4DF16FCD7DD0027E4C5 /* AFNetworkActivityIndicatorManager.h */ = {isa = PBXFileReference; fileEncoding = 4; lastKnownFileType = sourcecode.c.h; path = AFNetworkActivityIndicatorManager.h; sourceTree = "<group>"; };
		7CBBB4E016FCD7DD0027E4C5 /* AFNetworkActivityIndicatorManager.m */ = {isa = PBXFileReference; fileEncoding = 4; lastKnownFileType = sourcecode.c.objc; path = AFNetworkActivityIndicatorManager.m; sourceTree = "<group>"; };
		7CBBB4E116FCD7DD0027E4C5 /* AFNetworking.h */ = {isa = PBXFileReference; fileEncoding = 4; lastKnownFileType = sourcecode.c.h; path = AFNetworking.h; sourceTree = "<group>"; };
		7CBBB4E216FCD7DD0027E4C5 /* AFPropertyListRequestOperation.h */ = {isa = PBXFileReference; fileEncoding = 4; lastKnownFileType = sourcecode.c.h; path = AFPropertyListRequestOperation.h; sourceTree = "<group>"; };
		7CBBB4E316FCD7DD0027E4C5 /* AFPropertyListRequestOperation.m */ = {isa = PBXFileReference; fileEncoding = 4; lastKnownFileType = sourcecode.c.objc; path = AFPropertyListRequestOperation.m; sourceTree = "<group>"; };
		7CBBB4E416FCD7DD0027E4C5 /* AFURLConnectionOperation.h */ = {isa = PBXFileReference; fileEncoding = 4; lastKnownFileType = sourcecode.c.h; path = AFURLConnectionOperation.h; sourceTree = "<group>"; };
		7CBBB4E516FCD7DD0027E4C5 /* AFURLConnectionOperation.m */ = {isa = PBXFileReference; fileEncoding = 4; lastKnownFileType = sourcecode.c.objc; path = AFURLConnectionOperation.m; sourceTree = "<group>"; };
		7CBBB4E616FCD7DD0027E4C5 /* AFXMLRequestOperation.h */ = {isa = PBXFileReference; fileEncoding = 4; lastKnownFileType = sourcecode.c.h; path = AFXMLRequestOperation.h; sourceTree = "<group>"; };
		7CBBB4E716FCD7DD0027E4C5 /* AFXMLRequestOperation.m */ = {isa = PBXFileReference; fileEncoding = 4; lastKnownFileType = sourcecode.c.objc; path = AFXMLRequestOperation.m; sourceTree = "<group>"; };
		7CBBB4E816FCD7DD0027E4C5 /* UIImageView+AFNetworking.h */ = {isa = PBXFileReference; fileEncoding = 4; lastKnownFileType = sourcecode.c.h; path = "UIImageView+AFNetworking.h"; sourceTree = "<group>"; };
		7CBBB4E916FCD7DD0027E4C5 /* UIImageView+AFNetworking.m */ = {isa = PBXFileReference; fileEncoding = 4; lastKnownFileType = sourcecode.c.objc; path = "UIImageView+AFNetworking.m"; sourceTree = "<group>"; };
		7CBBB4F316FCD7F70027E4C5 /* SFHFKeychainUtils.h */ = {isa = PBXFileReference; fileEncoding = 4; lastKnownFileType = sourcecode.c.h; path = SFHFKeychainUtils.h; sourceTree = "<group>"; };
		7CBBB4F416FCD7F70027E4C5 /* SFHFKeychainUtils.m */ = {isa = PBXFileReference; fileEncoding = 4; lastKnownFileType = sourcecode.c.objc; path = SFHFKeychainUtils.m; sourceTree = "<group>"; };
		7CBBB4F816FCDBBB0027E4C5 /* DataController.h */ = {isa = PBXFileReference; fileEncoding = 4; lastKnownFileType = sourcecode.c.h; path = DataController.h; sourceTree = "<group>"; };
		7CBBB4F916FCDBBB0027E4C5 /* DataController.m */ = {isa = PBXFileReference; fileEncoding = 4; lastKnownFileType = sourcecode.c.objc; path = DataController.m; sourceTree = "<group>"; };
		7CBBB4FB16FDB5B80027E4C5 /* Security.framework */ = {isa = PBXFileReference; lastKnownFileType = wrapper.framework; name = Security.framework; path = System/Library/Frameworks/Security.framework; sourceTree = SDKROOT; };
		7CBBB4FD16FDC03D0027E4C5 /* mapPin1.png */ = {isa = PBXFileReference; lastKnownFileType = image.png; path = mapPin1.png; sourceTree = "<group>"; };
		7CBBB4FE16FDC03D0027E4C5 /* mapPin1@2x.png */ = {isa = PBXFileReference; lastKnownFileType = image.png; path = "mapPin1@2x.png"; sourceTree = "<group>"; };
		7CBBB4FF16FDC03D0027E4C5 /* mapPin2.png */ = {isa = PBXFileReference; lastKnownFileType = image.png; path = mapPin2.png; sourceTree = "<group>"; };
		7CBBB50016FDC03D0027E4C5 /* mapPin2@2x.png */ = {isa = PBXFileReference; lastKnownFileType = image.png; path = "mapPin2@2x.png"; sourceTree = "<group>"; };
		7CBBB50116FDC03D0027E4C5 /* mapPin3.png */ = {isa = PBXFileReference; lastKnownFileType = image.png; path = mapPin3.png; sourceTree = "<group>"; };
		7CBBB50216FDC03E0027E4C5 /* mapPin3@2x.png */ = {isa = PBXFileReference; lastKnownFileType = image.png; path = "mapPin3@2x.png"; sourceTree = "<group>"; };
		7CBBB50316FDC03E0027E4C5 /* mapPin4.png */ = {isa = PBXFileReference; lastKnownFileType = image.png; path = mapPin4.png; sourceTree = "<group>"; };
		7CBBB50416FDC03E0027E4C5 /* mapPin4@2x.png */ = {isa = PBXFileReference; lastKnownFileType = image.png; path = "mapPin4@2x.png"; sourceTree = "<group>"; };
		7CBBB50516FDC03E0027E4C5 /* mapPin5.png */ = {isa = PBXFileReference; lastKnownFileType = image.png; path = mapPin5.png; sourceTree = "<group>"; };
		7CBBB50616FDC03E0027E4C5 /* mapPin5@2x.png */ = {isa = PBXFileReference; lastKnownFileType = image.png; path = "mapPin5@2x.png"; sourceTree = "<group>"; };
		7CBBB50716FDC03E0027E4C5 /* mapPin6.png */ = {isa = PBXFileReference; lastKnownFileType = image.png; path = mapPin6.png; sourceTree = "<group>"; };
		7CBBB50816FDC03F0027E4C5 /* mapPin6@2x.png */ = {isa = PBXFileReference; lastKnownFileType = image.png; path = "mapPin6@2x.png"; sourceTree = "<group>"; };
		7CBBB50916FDC03F0027E4C5 /* mapPin0@2x.png */ = {isa = PBXFileReference; lastKnownFileType = image.png; path = "mapPin0@2x.png"; sourceTree = "<group>"; };
		7CBBB50A16FDC03F0027E4C5 /* mapPin0.png */ = {isa = PBXFileReference; lastKnownFileType = image.png; path = mapPin0.png; sourceTree = "<group>"; };
		7CBBB51B16FE2D270027E4C5 /* MeasureViewController.h */ = {isa = PBXFileReference; fileEncoding = 4; lastKnownFileType = sourcecode.c.h; path = MeasureViewController.h; sourceTree = "<group>"; };
		7CBBB51C16FE2D270027E4C5 /* MeasureViewController.m */ = {isa = PBXFileReference; fileEncoding = 4; lastKnownFileType = sourcecode.c.objc; path = MeasureViewController.m; sourceTree = "<group>"; };
		7CBBB51E16FE2ED80027E4C5 /* MeasureBar.h */ = {isa = PBXFileReference; fileEncoding = 4; lastKnownFileType = sourcecode.c.h; path = MeasureBar.h; sourceTree = "<group>"; };
		7CBBB51F16FE2ED80027E4C5 /* MeasureBar.m */ = {isa = PBXFileReference; fileEncoding = 4; lastKnownFileType = sourcecode.c.objc; path = MeasureBar.m; sourceTree = "<group>"; };
		7CBBB52116FE32F60027E4C5 /* air_quality0.png */ = {isa = PBXFileReference; lastKnownFileType = image.png; path = air_quality0.png; sourceTree = "<group>"; };
		7CBBB52216FE32F60027E4C5 /* air_quality4.png */ = {isa = PBXFileReference; lastKnownFileType = image.png; path = air_quality4.png; sourceTree = "<group>"; };
		7CBBB52316FE32F60027E4C5 /* air_quality5.png */ = {isa = PBXFileReference; lastKnownFileType = image.png; path = air_quality5.png; sourceTree = "<group>"; };
		7CBBB52416FE32F60027E4C5 /* air_quality6.png */ = {isa = PBXFileReference; lastKnownFileType = image.png; path = air_quality6.png; sourceTree = "<group>"; };
		7CBBB52516FE32F60027E4C5 /* measure_bar_arrow.png */ = {isa = PBXFileReference; lastKnownFileType = image.png; path = measure_bar_arrow.png; sourceTree = "<group>"; };
		7CBBB52616FE32F60027E4C5 /* air_quality2.png */ = {isa = PBXFileReference; lastKnownFileType = image.png; path = air_quality2.png; sourceTree = "<group>"; };
		7CBBB52716FE32F70027E4C5 /* air_quality3.png */ = {isa = PBXFileReference; lastKnownFileType = image.png; path = air_quality3.png; sourceTree = "<group>"; };
		7CBBB52816FE32F70027E4C5 /* air_quality0@2x.png */ = {isa = PBXFileReference; lastKnownFileType = image.png; path = "air_quality0@2x.png"; sourceTree = "<group>"; };
		7CBBB52916FE32F70027E4C5 /* measure_bar_arrow@2x.png */ = {isa = PBXFileReference; lastKnownFileType = image.png; path = "measure_bar_arrow@2x.png"; sourceTree = "<group>"; };
		7CBBB52A16FE32F70027E4C5 /* air_quality2@2x.png */ = {isa = PBXFileReference; lastKnownFileType = image.png; path = "air_quality2@2x.png"; sourceTree = "<group>"; };
		7CBBB52B16FE32F70027E4C5 /* air_quality3@2x.png */ = {isa = PBXFileReference; lastKnownFileType = image.png; path = "air_quality3@2x.png"; sourceTree = "<group>"; };
		7CBBB52C16FE32F70027E4C5 /* air_quality4@2x.png */ = {isa = PBXFileReference; lastKnownFileType = image.png; path = "air_quality4@2x.png"; sourceTree = "<group>"; };
		7CBBB52D16FE32F70027E4C5 /* air_quality5@2x.png */ = {isa = PBXFileReference; lastKnownFileType = image.png; path = "air_quality5@2x.png"; sourceTree = "<group>"; };
		7CBBB52E16FE32F70027E4C5 /* air_quality6@2x.png */ = {isa = PBXFileReference; lastKnownFileType = image.png; path = "air_quality6@2x.png"; sourceTree = "<group>"; };
		7CBBB53D16FE42B10027E4C5 /* MeasurementManager.h */ = {isa = PBXFileReference; fileEncoding = 4; lastKnownFileType = sourcecode.c.h; path = MeasurementManager.h; sourceTree = "<group>"; };
		7CBBB53E16FE42B10027E4C5 /* MeasurementManager.m */ = {isa = PBXFileReference; fileEncoding = 4; lastKnownFileType = sourcecode.c.objc; path = MeasurementManager.m; sourceTree = "<group>"; };
		7CBBB54016FE4A010027E4C5 /* KNUIFactory.h */ = {isa = PBXFileReference; fileEncoding = 4; lastKnownFileType = sourcecode.c.h; path = KNUIFactory.h; sourceTree = "<group>"; };
		7CBBB54116FE4A010027E4C5 /* KNUIFactory.m */ = {isa = PBXFileReference; fileEncoding = 4; lastKnownFileType = sourcecode.c.objc; path = KNUIFactory.m; sourceTree = "<group>"; };
/* End PBXFileReference section */

/* Begin PBXFrameworksBuildPhase section */
		7C365F4516ED36F0001BC05C /* Frameworks */ = {
			isa = PBXFrameworksBuildPhase;
			buildActionMask = 2147483647;
			files = (
				7CBBB4FC16FDB5B80027E4C5 /* Security.framework in Frameworks */,
				7CBBB4CA16FCD3820027E4C5 /* QuartzCore.framework in Frameworks */,
				7CBBB4C816FCD37C0027E4C5 /* CoreLocation.framework in Frameworks */,
				7CBBB4C616FCD3660027E4C5 /* SystemConfiguration.framework in Frameworks */,
				7CBBB4C416FCD35D0027E4C5 /* MapKit.framework in Frameworks */,
				7C365F4C16ED36F0001BC05C /* UIKit.framework in Frameworks */,
				7C365F4E16ED36F0001BC05C /* Foundation.framework in Frameworks */,
				7C365F5016ED36F0001BC05C /* CoreGraphics.framework in Frameworks */,
			);
			runOnlyForDeploymentPostprocessing = 0;
		};
/* End PBXFrameworksBuildPhase section */

/* Begin PBXGroup section */
		7C365F3F16ED36F0001BC05C = {
			isa = PBXGroup;
			children = (
				7C365F5116ED36F0001BC05C /* kanarci */,
				7C365F4A16ED36F0001BC05C /* Frameworks */,
				7C365F4916ED36F0001BC05C /* Products */,
			);
			indentWidth = 4;
			sourceTree = "<group>";
			tabWidth = 4;
			usesTabs = 0;
		};
		7C365F4916ED36F0001BC05C /* Products */ = {
			isa = PBXGroup;
			children = (
				7C365F4816ED36F0001BC05C /* kanarci.app */,
			);
			name = Products;
			sourceTree = "<group>";
		};
		7C365F4A16ED36F0001BC05C /* Frameworks */ = {
			isa = PBXGroup;
			children = (
				7CBBB4FB16FDB5B80027E4C5 /* Security.framework */,
				7CBBB4C916FCD3820027E4C5 /* QuartzCore.framework */,
				7CBBB4C716FCD37C0027E4C5 /* CoreLocation.framework */,
				7CBBB4C516FCD3660027E4C5 /* SystemConfiguration.framework */,
				7CBBB4C316FCD35D0027E4C5 /* MapKit.framework */,
				7C365F4B16ED36F0001BC05C /* UIKit.framework */,
				7C365F4D16ED36F0001BC05C /* Foundation.framework */,
				7C365F4F16ED36F0001BC05C /* CoreGraphics.framework */,
			);
			name = Frameworks;
			sourceTree = "<group>";
		};
		7C365F5116ED36F0001BC05C /* kanarci */ = {
			isa = PBXGroup;
			children = (
				7CBBB4F716FCDBAB0027E4C5 /* Data */,
				7CBBB4D516FCD6410027E4C5 /* ThirdParty */,
				7CBBB4CB16FCD4330027E4C5 /* Map */,
				7CBBB51A16FE2D050027E4C5 /* Measure */,
				7C9074FB16F28B7E00ED3DCD /* Model */,
				7C9074E116F1E12900ED3DCD /* Controllers */,
				7C9074D216F1344D00ED3DCD /* UI */,
				7C9074C516F12AD100ED3DCD /* Global */,
				7C9074AF16F1260600ED3DCD /* images */,
				7C365F5A16ED36F0001BC05C /* AppDelegate.h */,
				7C365F5B16ED36F0001BC05C /* AppDelegate.m */,
				7C365F6316ED36F0001BC05C /* MainStoryboard.storyboard */,
				7C365F6916ED36F0001BC05C /* first.png */,
				7C365F6B16ED36F1001BC05C /* first@2x.png */,
				7C365F6D16ED36F1001BC05C /* SecondViewController.h */,
				7C365F6E16ED36F1001BC05C /* SecondViewController.m */,
				7C365F7016ED36F1001BC05C /* second.png */,
				7C365F7216ED36F1001BC05C /* second@2x.png */,
				7C365F5216ED36F0001BC05C /* Supporting Files */,
			);
			path = kanarci;
			sourceTree = "<group>";
		};
		7C365F5216ED36F0001BC05C /* Supporting Files */ = {
			isa = PBXGroup;
			children = (
				7C365F5316ED36F0001BC05C /* kanarci-Info.plist */,
				7C365F5416ED36F0001BC05C /* InfoPlist.strings */,
				7C365F5716ED36F0001BC05C /* main.m */,
				7C365F5916ED36F0001BC05C /* kanarci-Prefix.pch */,
				7C365F5D16ED36F0001BC05C /* Default.png */,
				7C365F5F16ED36F0001BC05C /* Default@2x.png */,
				7C365F6116ED36F0001BC05C /* Default-568h@2x.png */,
			);
			name = "Supporting Files";
			sourceTree = "<group>";
		};
		7C9074AF16F1260600ED3DCD /* images */ = {
			isa = PBXGroup;
			children = (
				7CBBB51916FDC0450027E4C5 /* mapPin */,
				7C9074F616F28ADB00ED3DCD /* air_quality */,
				7C9074ED16F2869D00ED3DCD /* profile */,
				7C9074DC16F13E6000ED3DCD /* bg */,
				7C9074CD16F1312900ED3DCD /* navbar */,
				7C9074B016F1260C00ED3DCD /* tabs */,
			);
			name = images;
			sourceTree = "<group>";
		};
		7C9074B016F1260C00ED3DCD /* tabs */ = {
			isa = PBXGroup;
			children = (
				7C9074B116F1261E00ED3DCD /* tab_legend.png */,
				7C9074B216F1261E00ED3DCD /* tab_measure.png */,
				7C9074B316F1261E00ED3DCD /* tab_profile.png */,
				7C9074B416F1261E00ED3DCD /* tab_stats.png */,
				7C9074B516F1261E00ED3DCD /* tab_map.png */,
				7C9074B616F1261E00ED3DCD /* tab_profile@2x.png */,
				7C9074B716F1261E00ED3DCD /* tab_legend@2x.png */,
				7C9074B816F1261E00ED3DCD /* tab_measure@2x.png */,
				7C9074B916F1261E00ED3DCD /* tab_stats@2x.png */,
				7C9074BA16F1261E00ED3DCD /* tab_map@2x.png */,
			);
			name = tabs;
			sourceTree = "<group>";
		};
		7C9074C516F12AD100ED3DCD /* Global */ = {
			isa = PBXGroup;
			children = (
				7C9074CC16F12BDE00ED3DCD /* Macros.h */,
				7C9074C616F12AD900ED3DCD /* KNTheme.h */,
				7C9074C716F12AD900ED3DCD /* KNTheme.m */,
				7C9074C816F12AD900ED3DCD /* KNFormatter.h */,
				7C9074C916F12AD900ED3DCD /* KNFormatter.m */,
			);
			name = Global;
			sourceTree = "<group>";
		};
		7C9074CD16F1312900ED3DCD /* navbar */ = {
			isa = PBXGroup;
			children = (
				7C9074CE16F1313300ED3DCD /* navbar_bg.png */,
				7C9074CF16F1313300ED3DCD /* navbar_bg@2x.png */,
			);
			name = navbar;
			sourceTree = "<group>";
		};
		7C9074D216F1344D00ED3DCD /* UI */ = {
			isa = PBXGroup;
			children = (
				7C9074D916F13AC800ED3DCD /* KNNavigationItem.m */,
				7C9074DA16F13AC900ED3DCD /* KNNavigationItem.h */,
				7C9074D316F1346200ED3DCD /* KNNavigationBar.h */,
				7C9074D416F1346200ED3DCD /* KNNavigationBar.m */,
				7CBBB54016FE4A010027E4C5 /* KNUIFactory.h */,
				7CBBB54116FE4A010027E4C5 /* KNUIFactory.m */,
			);
			name = UI;
			sourceTree = "<group>";
		};
		7C9074DC16F13E6000ED3DCD /* bg */ = {
			isa = PBXGroup;
			children = (
				7C9074DD16F13E7000ED3DCD /* legenda_bg.png */,
				7C9074DE16F13E7000ED3DCD /* legenda_bg@2x.png */,
			);
			name = bg;
			sourceTree = "<group>";
		};
		7C9074E116F1E12900ED3DCD /* Controllers */ = {
			isa = PBXGroup;
			children = (
				7C9074E216F1E14D00ED3DCD /* ProfileViewController.h */,
				7C9074E316F1E14D00ED3DCD /* ProfileViewController.m */,
				7C9074E516F1E40D00ED3DCD /* ProfileHeaderView.h */,
				7C9074E616F1E40D00ED3DCD /* ProfileHeaderView.m */,
				7C9074E816F1E59500ED3DCD /* MeasurementCell.h */,
				7C9074E916F1E59500ED3DCD /* MeasurementCell.m */,
				7C9074EB16F2787F00ED3DCD /* MeasurementCell.xib */,
			);
			name = Controllers;
			sourceTree = "<group>";
		};
		7C9074ED16F2869D00ED3DCD /* profile */ = {
			isa = PBXGroup;
			children = (
				7C9074F216F28A0C00ED3DCD /* profile_divider.png */,
				7C9074F316F28A0C00ED3DCD /* profile_divider@2x.png */,
				7C9074EE16F286A500ED3DCD /* profile_header_me.png */,
				7C9074EF16F286A500ED3DCD /* profile_header_me@2x.png */,
			);
			name = profile;
			sourceTree = "<group>";
		};
		7C9074F616F28ADB00ED3DCD /* air_quality */ = {
			isa = PBXGroup;
			children = (
				7CBBB52116FE32F60027E4C5 /* air_quality0.png */,
				7CBBB52216FE32F60027E4C5 /* air_quality4.png */,
				7CBBB52316FE32F60027E4C5 /* air_quality5.png */,
				7CBBB52416FE32F60027E4C5 /* air_quality6.png */,
				7CBBB52516FE32F60027E4C5 /* measure_bar_arrow.png */,
				7CBBB52616FE32F60027E4C5 /* air_quality2.png */,
				7CBBB52716FE32F70027E4C5 /* air_quality3.png */,
				7CBBB52816FE32F70027E4C5 /* air_quality0@2x.png */,
				7CBBB52916FE32F70027E4C5 /* measure_bar_arrow@2x.png */,
				7CBBB52A16FE32F70027E4C5 /* air_quality2@2x.png */,
				7CBBB52B16FE32F70027E4C5 /* air_quality3@2x.png */,
				7CBBB52C16FE32F70027E4C5 /* air_quality4@2x.png */,
				7CBBB52D16FE32F70027E4C5 /* air_quality5@2x.png */,
				7CBBB52E16FE32F70027E4C5 /* air_quality6@2x.png */,
				7C9074F716F28AE800ED3DCD /* air_quality1.png */,
				7C9074F816F28AE800ED3DCD /* air_quality1@2x.png */,
			);
			name = air_quality;
			sourceTree = "<group>";
		};
		7C9074FB16F28B7E00ED3DCD /* Model */ = {
			isa = PBXGroup;
			children = (
				7C9074FC16F28B9100ED3DCD /* Measurement.h */,
				7C9074FD16F28B9100ED3DCD /* Measurement.m */,
			);
			name = Model;
			sourceTree = "<group>";
		};
		7CBBB4CB16FCD4330027E4C5 /* Map */ = {
			isa = PBXGroup;
			children = (
				7CBBB4C016FCD3170027E4C5 /* MapViewController.h */,
				7CBBB4C116FCD3170027E4C5 /* MapViewController.m */,
				7CBBB4CC16FCD4500027E4C5 /* StationAnnotation.h */,
				7CBBB4CD16FCD4500027E4C5 /* StationAnnotation.m */,
				7CBBB4CF16FCD4580027E4C5 /* Station.h */,
				7CBBB4D016FCD4580027E4C5 /* Station.m */,
				7CBBB4D216FCD4B40027E4C5 /* StationMeasurement.h */,
				7CBBB4D316FCD4B40027E4C5 /* StationMeasurement.m */,
			);
			name = Map;
			path = ..;
			sourceTree = "<group>";
		};
		7CBBB4D516FCD6410027E4C5 /* ThirdParty */ = {
			isa = PBXGroup;
			children = (
				7CBBB4F616FCD7FE0027E4C5 /* KeychainUtils */,
				7CBBB4D616FCD7DD0027E4C5 /* AFNetworking */,
			);
			name = ThirdParty;
			sourceTree = "<group>";
		};
		7CBBB4D616FCD7DD0027E4C5 /* AFNetworking */ = {
			isa = PBXGroup;
			children = (
				7CBBB4D716FCD7DD0027E4C5 /* AFHTTPClient.h */,
				7CBBB4D816FCD7DD0027E4C5 /* AFHTTPClient.m */,
				7CBBB4D916FCD7DD0027E4C5 /* AFHTTPRequestOperation.h */,
				7CBBB4DA16FCD7DD0027E4C5 /* AFHTTPRequestOperation.m */,
				7CBBB4DB16FCD7DD0027E4C5 /* AFImageRequestOperation.h */,
				7CBBB4DC16FCD7DD0027E4C5 /* AFImageRequestOperation.m */,
				7CBBB4DD16FCD7DD0027E4C5 /* AFJSONRequestOperation.h */,
				7CBBB4DE16FCD7DD0027E4C5 /* AFJSONRequestOperation.m */,
				7CBBB4DF16FCD7DD0027E4C5 /* AFNetworkActivityIndicatorManager.h */,
				7CBBB4E016FCD7DD0027E4C5 /* AFNetworkActivityIndicatorManager.m */,
				7CBBB4E116FCD7DD0027E4C5 /* AFNetworking.h */,
				7CBBB4E216FCD7DD0027E4C5 /* AFPropertyListRequestOperation.h */,
				7CBBB4E316FCD7DD0027E4C5 /* AFPropertyListRequestOperation.m */,
				7CBBB4E416FCD7DD0027E4C5 /* AFURLConnectionOperation.h */,
				7CBBB4E516FCD7DD0027E4C5 /* AFURLConnectionOperation.m */,
				7CBBB4E616FCD7DD0027E4C5 /* AFXMLRequestOperation.h */,
				7CBBB4E716FCD7DD0027E4C5 /* AFXMLRequestOperation.m */,
				7CBBB4E816FCD7DD0027E4C5 /* UIImageView+AFNetworking.h */,
				7CBBB4E916FCD7DD0027E4C5 /* UIImageView+AFNetworking.m */,
			);
			path = AFNetworking;
			sourceTree = "<group>";
		};
		7CBBB4F616FCD7FE0027E4C5 /* KeychainUtils */ = {
			isa = PBXGroup;
			children = (
				7CBBB4F316FCD7F70027E4C5 /* SFHFKeychainUtils.h */,
				7CBBB4F416FCD7F70027E4C5 /* SFHFKeychainUtils.m */,
			);
			name = KeychainUtils;
			sourceTree = "<group>";
		};
		7CBBB4F716FCDBAB0027E4C5 /* Data */ = {
			isa = PBXGroup;
			children = (
				7CBBB4F816FCDBBB0027E4C5 /* DataController.h */,
				7CBBB4F916FCDBBB0027E4C5 /* DataController.m */,
			);
			name = Data;
			sourceTree = "<group>";
		};
		7CBBB51916FDC0450027E4C5 /* mapPin */ = {
			isa = PBXGroup;
			children = (
				7CBBB50916FDC03F0027E4C5 /* mapPin0@2x.png */,
				7CBBB50A16FDC03F0027E4C5 /* mapPin0.png */,
				7CBBB4FD16FDC03D0027E4C5 /* mapPin1.png */,
				7CBBB4FE16FDC03D0027E4C5 /* mapPin1@2x.png */,
				7CBBB4FF16FDC03D0027E4C5 /* mapPin2.png */,
				7CBBB50016FDC03D0027E4C5 /* mapPin2@2x.png */,
				7CBBB50116FDC03D0027E4C5 /* mapPin3.png */,
				7CBBB50216FDC03E0027E4C5 /* mapPin3@2x.png */,
				7CBBB50316FDC03E0027E4C5 /* mapPin4.png */,
				7CBBB50416FDC03E0027E4C5 /* mapPin4@2x.png */,
				7CBBB50516FDC03E0027E4C5 /* mapPin5.png */,
				7CBBB50616FDC03E0027E4C5 /* mapPin5@2x.png */,
				7CBBB50716FDC03E0027E4C5 /* mapPin6.png */,
				7CBBB50816FDC03F0027E4C5 /* mapPin6@2x.png */,
			);
			name = mapPin;
			sourceTree = "<group>";
		};
		7CBBB51A16FE2D050027E4C5 /* Measure */ = {
			isa = PBXGroup;
			children = (
				7CBBB51B16FE2D270027E4C5 /* MeasureViewController.h */,
				7CBBB51C16FE2D270027E4C5 /* MeasureViewController.m */,
				7CBBB51E16FE2ED80027E4C5 /* MeasureBar.h */,
				7CBBB51F16FE2ED80027E4C5 /* MeasureBar.m */,
				7CBBB53D16FE42B10027E4C5 /* MeasurementManager.h */,
				7CBBB53E16FE42B10027E4C5 /* MeasurementManager.m */,
			);
			name = Measure;
			sourceTree = "<group>";
		};
/* End PBXGroup section */

/* Begin PBXNativeTarget section */
		7C365F4716ED36F0001BC05C /* kanarci */ = {
			isa = PBXNativeTarget;
			buildConfigurationList = 7C365F7616ED36F1001BC05C /* Build configuration list for PBXNativeTarget "kanarci" */;
			buildPhases = (
				7C365F4416ED36F0001BC05C /* Sources */,
				7C365F4516ED36F0001BC05C /* Frameworks */,
				7C365F4616ED36F0001BC05C /* Resources */,
				8FF5FF39F5A640189501B5BA /* Warn for TODO and FIXME comments */,
			);
			buildRules = (
			);
			dependencies = (
			);
			name = kanarci;
			productName = kanarci;
			productReference = 7C365F4816ED36F0001BC05C /* kanarci.app */;
			productType = "com.apple.product-type.application";
		};
/* End PBXNativeTarget section */

/* Begin PBXProject section */
		7C365F4016ED36F0001BC05C /* Project object */ = {
			isa = PBXProject;
			attributes = {
				LastUpgradeCheck = 0460;
				ORGANIZATIONNAME = "Jan Remes";
			};
			buildConfigurationList = 7C365F4316ED36F0001BC05C /* Build configuration list for PBXProject "kanarci" */;
			compatibilityVersion = "Xcode 3.2";
			developmentRegion = English;
			hasScannedForEncodings = 0;
			knownRegions = (
				en,
			);
			mainGroup = 7C365F3F16ED36F0001BC05C;
			productRefGroup = 7C365F4916ED36F0001BC05C /* Products */;
			projectDirPath = "";
			projectRoot = "";
			targets = (
				7C365F4716ED36F0001BC05C /* kanarci */,
			);
		};
/* End PBXProject section */

/* Begin PBXResourcesBuildPhase section */
		7C365F4616ED36F0001BC05C /* Resources */ = {
			isa = PBXResourcesBuildPhase;
			buildActionMask = 2147483647;
			files = (
				7C365F5616ED36F0001BC05C /* InfoPlist.strings in Resources */,
				7C365F5E16ED36F0001BC05C /* Default.png in Resources */,
				7C365F6016ED36F0001BC05C /* Default@2x.png in Resources */,
				7C365F6216ED36F0001BC05C /* Default-568h@2x.png in Resources */,
				7C365F6516ED36F0001BC05C /* MainStoryboard.storyboard in Resources */,
				7C365F6A16ED36F1001BC05C /* first.png in Resources */,
				7C365F6C16ED36F1001BC05C /* first@2x.png in Resources */,
				7C365F7116ED36F1001BC05C /* second.png in Resources */,
				7C365F7316ED36F1001BC05C /* second@2x.png in Resources */,
				7C9074BB16F1261E00ED3DCD /* tab_legend.png in Resources */,
				7C9074BC16F1261F00ED3DCD /* tab_measure.png in Resources */,
				7C9074BD16F1261F00ED3DCD /* tab_profile.png in Resources */,
				7C9074BE16F1261F00ED3DCD /* tab_stats.png in Resources */,
				7C9074BF16F1261F00ED3DCD /* tab_map.png in Resources */,
				7C9074C016F1261F00ED3DCD /* tab_profile@2x.png in Resources */,
				7C9074C116F1261F00ED3DCD /* tab_legend@2x.png in Resources */,
				7C9074C216F1261F00ED3DCD /* tab_measure@2x.png in Resources */,
				7C9074C316F1261F00ED3DCD /* tab_stats@2x.png in Resources */,
				7C9074C416F1261F00ED3DCD /* tab_map@2x.png in Resources */,
				7C9074D016F1313300ED3DCD /* navbar_bg.png in Resources */,
				7C9074D116F1313300ED3DCD /* navbar_bg@2x.png in Resources */,
				7C9074DF16F13E7000ED3DCD /* legenda_bg.png in Resources */,
				7C9074E016F13E7000ED3DCD /* legenda_bg@2x.png in Resources */,
				7C9074EC16F2787F00ED3DCD /* MeasurementCell.xib in Resources */,
				7C9074F016F286A500ED3DCD /* profile_header_me.png in Resources */,
				7C9074F116F286A500ED3DCD /* profile_header_me@2x.png in Resources */,
				7C9074F416F28A0C00ED3DCD /* profile_divider.png in Resources */,
				7C9074F516F28A0C00ED3DCD /* profile_divider@2x.png in Resources */,
				7C9074F916F28AE800ED3DCD /* air_quality1.png in Resources */,
				7C9074FA16F28AE800ED3DCD /* air_quality1@2x.png in Resources */,
				7CBBB50B16FDC03F0027E4C5 /* mapPin1.png in Resources */,
				7CBBB50C16FDC03F0027E4C5 /* mapPin1@2x.png in Resources */,
				7CBBB50D16FDC03F0027E4C5 /* mapPin2.png in Resources */,
				7CBBB50E16FDC03F0027E4C5 /* mapPin2@2x.png in Resources */,
				7CBBB50F16FDC03F0027E4C5 /* mapPin3.png in Resources */,
				7CBBB51016FDC03F0027E4C5 /* mapPin3@2x.png in Resources */,
				7CBBB51116FDC03F0027E4C5 /* mapPin4.png in Resources */,
				7CBBB51216FDC03F0027E4C5 /* mapPin4@2x.png in Resources */,
				7CBBB51316FDC03F0027E4C5 /* mapPin5.png in Resources */,
				7CBBB51416FDC03F0027E4C5 /* mapPin5@2x.png in Resources */,
				7CBBB51516FDC03F0027E4C5 /* mapPin6.png in Resources */,
				7CBBB51616FDC03F0027E4C5 /* mapPin6@2x.png in Resources */,
				7CBBB51716FDC03F0027E4C5 /* mapPin0@2x.png in Resources */,
				7CBBB51816FDC03F0027E4C5 /* mapPin0.png in Resources */,
				7CBBB52F16FE32F70027E4C5 /* air_quality0.png in Resources */,
				7CBBB53016FE32F70027E4C5 /* air_quality4.png in Resources */,
				7CBBB53116FE32F70027E4C5 /* air_quality5.png in Resources */,
				7CBBB53216FE32F70027E4C5 /* air_quality6.png in Resources */,
				7CBBB53316FE32F70027E4C5 /* measure_bar_arrow.png in Resources */,
				7CBBB53416FE32F70027E4C5 /* air_quality2.png in Resources */,
				7CBBB53516FE32F70027E4C5 /* air_quality3.png in Resources */,
				7CBBB53616FE32F70027E4C5 /* air_quality0@2x.png in Resources */,
				7CBBB53716FE32F70027E4C5 /* measure_bar_arrow@2x.png in Resources */,
				7CBBB53816FE32F70027E4C5 /* air_quality2@2x.png in Resources */,
				7CBBB53916FE32F70027E4C5 /* air_quality3@2x.png in Resources */,
				7CBBB53A16FE32F70027E4C5 /* air_quality4@2x.png in Resources */,
				7CBBB53B16FE32F70027E4C5 /* air_quality5@2x.png in Resources */,
				7CBBB53C16FE32F70027E4C5 /* air_quality6@2x.png in Resources */,
			);
			runOnlyForDeploymentPostprocessing = 0;
		};
/* End PBXResourcesBuildPhase section */

/* Begin PBXShellScriptBuildPhase section */
		8FF5FF39F5A640189501B5BA /* Warn for TODO and FIXME comments */ = {
			isa = PBXShellScriptBuildPhase;
			buildActionMask = 2147483647;
			files = (
			);
			inputPaths = (
			);
			name = "Warn for TODO and FIXME comments";
			outputPaths = (
			);
			runOnlyForDeploymentPostprocessing = 0;
			shellPath = /bin/sh;
			shellScript = "KEYWORDS=\"TODO:|FIXME:|\\?\\?\\?:|\\!\\!\\!:\"\nFILE_EXTENSIONS=\"h|m|mm|c|cpp\"\nfind -E \"${SRCROOT}\" -ipath \"${SRCROOT}/pods\" -prune -o \\( -regex \".*\\.($FILE_EXTENSIONS)$\" \\) -print0 | xargs -0 egrep --with-filename --line-number --only-matching \"($KEYWORDS).*\\$\" | perl -p -e \"s/($KEYWORDS)/ warning: \\$1/\"\n";
		};
/* End PBXShellScriptBuildPhase section */

/* Begin PBXSourcesBuildPhase section */
		7C365F4416ED36F0001BC05C /* Sources */ = {
			isa = PBXSourcesBuildPhase;
			buildActionMask = 2147483647;
			files = (
				7C365F5816ED36F0001BC05C /* main.m in Sources */,
				7C365F5C16ED36F0001BC05C /* AppDelegate.m in Sources */,
				7C365F6F16ED36F1001BC05C /* SecondViewController.m in Sources */,
				7C9074CA16F12AD900ED3DCD /* KNTheme.m in Sources */,
				7C9074CB16F12AD900ED3DCD /* KNFormatter.m in Sources */,
				7C9074D516F1346200ED3DCD /* KNNavigationBar.m in Sources */,
				7C9074DB16F13AC900ED3DCD /* KNNavigationItem.m in Sources */,
				7C9074E416F1E14D00ED3DCD /* ProfileViewController.m in Sources */,
				7C9074E716F1E40D00ED3DCD /* ProfileHeaderView.m in Sources */,
				7C9074EA16F1E59500ED3DCD /* MeasurementCell.m in Sources */,
				7C9074FE16F28B9100ED3DCD /* Measurement.m in Sources */,
				7CBBB4C216FCD3170027E4C5 /* MapViewController.m in Sources */,
				7CBBB4CE16FCD4500027E4C5 /* StationAnnotation.m in Sources */,
				7CBBB4D116FCD4580027E4C5 /* Station.m in Sources */,
				7CBBB4D416FCD4B40027E4C5 /* StationMeasurement.m in Sources */,
				7CBBB4EA16FCD7DD0027E4C5 /* AFHTTPClient.m in Sources */,
				7CBBB4EB16FCD7DD0027E4C5 /* AFHTTPRequestOperation.m in Sources */,
				7CBBB4EC16FCD7DD0027E4C5 /* AFImageRequestOperation.m in Sources */,
				7CBBB4ED16FCD7DD0027E4C5 /* AFJSONRequestOperation.m in Sources */,
				7CBBB4EE16FCD7DD0027E4C5 /* AFNetworkActivityIndicatorManager.m in Sources */,
				7CBBB4EF16FCD7DD0027E4C5 /* AFPropertyListRequestOperation.m in Sources */,
				7CBBB4F016FCD7DD0027E4C5 /* AFURLConnectionOperation.m in Sources */,
				7CBBB4F116FCD7DD0027E4C5 /* AFXMLRequestOperation.m in Sources */,
				7CBBB4F216FCD7DD0027E4C5 /* UIImageView+AFNetworking.m in Sources */,
				7CBBB4F516FCD7F70027E4C5 /* SFHFKeychainUtils.m in Sources */,
				7CBBB4FA16FCDBBB0027E4C5 /* DataController.m in Sources */,
				7CBBB51D16FE2D270027E4C5 /* MeasureViewController.m in Sources */,
				7CBBB52016FE2ED80027E4C5 /* MeasureBar.m in Sources */,
				7CBBB53F16FE42B10027E4C5 /* MeasurementManager.m in Sources */,
				7CBBB54216FE4A010027E4C5 /* KNUIFactory.m in Sources */,
			);
			runOnlyForDeploymentPostprocessing = 0;
		};
/* End PBXSourcesBuildPhase section */

/* Begin PBXVariantGroup section */
		7C365F5416ED36F0001BC05C /* InfoPlist.strings */ = {
			isa = PBXVariantGroup;
			children = (
				7C365F5516ED36F0001BC05C /* en */,
			);
			name = InfoPlist.strings;
			sourceTree = "<group>";
		};
		7C365F6316ED36F0001BC05C /* MainStoryboard.storyboard */ = {
			isa = PBXVariantGroup;
			children = (
				7C365F6416ED36F0001BC05C /* en */,
			);
			name = MainStoryboard.storyboard;
			sourceTree = "<group>";
		};
/* End PBXVariantGroup section */

/* Begin XCBuildConfiguration section */
		7C365F7416ED36F1001BC05C /* Debug */ = {
			isa = XCBuildConfiguration;
			buildSettings = {
				ALWAYS_SEARCH_USER_PATHS = NO;
				CLANG_CXX_LANGUAGE_STANDARD = "gnu++0x";
				CLANG_CXX_LIBRARY = "libc++";
				CLANG_ENABLE_OBJC_ARC = YES;
				CLANG_WARN_CONSTANT_CONVERSION = YES;
				CLANG_WARN_EMPTY_BODY = YES;
				CLANG_WARN_ENUM_CONVERSION = YES;
				CLANG_WARN_INT_CONVERSION = YES;
				CLANG_WARN__DUPLICATE_METHOD_MATCH = YES;
				"CODE_SIGN_IDENTITY[sdk=iphoneos*]" = "iPhone Developer";
				COPY_PHASE_STRIP = NO;
				GCC_C_LANGUAGE_STANDARD = gnu99;
				GCC_DYNAMIC_NO_PIC = NO;
				GCC_OPTIMIZATION_LEVEL = 0;
				GCC_PREPROCESSOR_DEFINITIONS = (
					"DEBUG=1",
					"$(inherited)",
				);
				GCC_SYMBOLS_PRIVATE_EXTERN = NO;
				GCC_WARN_ABOUT_RETURN_TYPE = YES;
				GCC_WARN_UNINITIALIZED_AUTOS = YES;
				GCC_WARN_UNUSED_VARIABLE = YES;
				IPHONEOS_DEPLOYMENT_TARGET = 6.1;
				ONLY_ACTIVE_ARCH = YES;
				SDKROOT = iphoneos;
			};
			name = Debug;
		};
		7C365F7516ED36F1001BC05C /* Release */ = {
			isa = XCBuildConfiguration;
			buildSettings = {
				ALWAYS_SEARCH_USER_PATHS = NO;
				CLANG_CXX_LANGUAGE_STANDARD = "gnu++0x";
				CLANG_CXX_LIBRARY = "libc++";
				CLANG_ENABLE_OBJC_ARC = YES;
				CLANG_WARN_CONSTANT_CONVERSION = YES;
				CLANG_WARN_EMPTY_BODY = YES;
				CLANG_WARN_ENUM_CONVERSION = YES;
				CLANG_WARN_INT_CONVERSION = YES;
				CLANG_WARN__DUPLICATE_METHOD_MATCH = YES;
				"CODE_SIGN_IDENTITY[sdk=iphoneos*]" = "iPhone Developer";
				COPY_PHASE_STRIP = YES;
				GCC_C_LANGUAGE_STANDARD = gnu99;
				GCC_WARN_ABOUT_RETURN_TYPE = YES;
				GCC_WARN_UNINITIALIZED_AUTOS = YES;
				GCC_WARN_UNUSED_VARIABLE = YES;
				IPHONEOS_DEPLOYMENT_TARGET = 6.1;
				OTHER_CFLAGS = "-DNS_BLOCK_ASSERTIONS=1";
				SDKROOT = iphoneos;
				VALIDATE_PRODUCT = YES;
			};
			name = Release;
		};
		7C365F7716ED36F1001BC05C /* Debug */ = {
			isa = XCBuildConfiguration;
			buildSettings = {
				GCC_PRECOMPILE_PREFIX_HEADER = YES;
				GCC_PREFIX_HEADER = "kanarci/kanarci-Prefix.pch";
				INFOPLIST_FILE = "kanarci/kanarci-Info.plist";
				IPHONEOS_DEPLOYMENT_TARGET = 5.1;
				PRODUCT_NAME = "$(TARGET_NAME)";
				WRAPPER_EXTENSION = app;
			};
			name = Debug;
		};
		7C365F7816ED36F1001BC05C /* Release */ = {
			isa = XCBuildConfiguration;
			buildSettings = {
				GCC_PRECOMPILE_PREFIX_HEADER = YES;
				GCC_PREFIX_HEADER = "kanarci/kanarci-Prefix.pch";
				INFOPLIST_FILE = "kanarci/kanarci-Info.plist";
				IPHONEOS_DEPLOYMENT_TARGET = 5.1;
				PRODUCT_NAME = "$(TARGET_NAME)";
				WRAPPER_EXTENSION = app;
			};
			name = Release;
		};
/* End XCBuildConfiguration section */

/* Begin XCConfigurationList section */
		7C365F4316ED36F0001BC05C /* Build configuration list for PBXProject "kanarci" */ = {
			isa = XCConfigurationList;
			buildConfigurations = (
				7C365F7416ED36F1001BC05C /* Debug */,
				7C365F7516ED36F1001BC05C /* Release */,
			);
			defaultConfigurationIsVisible = 0;
			defaultConfigurationName = Release;
		};
		7C365F7616ED36F1001BC05C /* Build configuration list for PBXNativeTarget "kanarci" */ = {
			isa = XCConfigurationList;
			buildConfigurations = (
				7C365F7716ED36F1001BC05C /* Debug */,
				7C365F7816ED36F1001BC05C /* Release */,
			);
			defaultConfigurationIsVisible = 0;
			defaultConfigurationName = Release;
		};
/* End XCConfigurationList section */
	};
	rootObject = 7C365F4016ED36F0001BC05C /* Project object */;
}
